
Microsoft Visual Studio Solution File, Format Version 12.00
# Visual Studio 2017
Project("{FAE04EC0-301F-11D3-BF4B-00C04F79EFBC}") = "Rush Land", "Rush Land.csproj", "{267736B7-0105-7FFC-62F0-06BC7B69E2D4}"
EndProject
Project("{FAE04EC0-301F-11D3-BF4B-00C04F79EFBC}") = "Rush Land", "Rush Land.csproj", "{267736B7-0105-7FFC-62F0-06BC7B69E2D4}"
EndProject
Project("{FAE04EC0-301F-11D3-BF4B-00C04F79EFBC}") = "Rush Land", "Rush Land.csproj", "{267736B7-0105-7FFC-62F0-06BC7B69E2D4}"
EndProject
Project("{FAE04EC0-301F-11D3-BF4B-00C04F79EFBC}") = "Rush Land", "Rush Land.csproj", "{267736B7-0105-7FFC-62F0-06BC7B69E2D4}"
EndProject
Project("{FAE04EC0-301F-11D3-BF4B-00C04F79EFBC}") = "Rush Land.Editor", "Rush Land.Editor.csproj", "{D9BEC9B4-CBDF-6788-A994-AE31D2120F1E}"
EndProject
Project("{FAE04EC0-301F-11D3-BF4B-00C04F79EFBC}") = "Rush Land.Editor", "Rush Land.Editor.csproj", "{D9BEC9B4-CBDF-6788-A994-AE31D2120F1E}"
EndProject
Project("{FAE04EC0-301F-11D3-BF4B-00C04F79EFBC}") = "Rush Land.Editor", "Rush Land.Editor.csproj", "{D9BEC9B4-CBDF-6788-A994-AE31D2120F1E}"
EndProject
Project("{FAE04EC0-301F-11D3-BF4B-00C04F79EFBC}") = "Rush Land.Editor", "Rush Land.Editor.csproj", "{D9BEC9B4-CBDF-6788-A994-AE31D2120F1E}"
EndProject
Project("{FAE04EC0-301F-11D3-BF4B-00C04F79EFBC}") = "Rush Land.Editor", "Rush Land.Editor.csproj", "{D9BEC9B4-CBDF-6788-A994-AE31D2120F1E}"
EndProject
Project("{FAE04EC0-301F-11D3-BF4B-00C04F79EFBC}") = "Rush Land.Editor", "Rush Land.Editor.csproj", "{D9BEC9B4-CBDF-6788-A994-AE31D2120F1E}"
EndProject
Project("{FAE04EC0-301F-11D3-BF4B-00C04F79EFBC}") = "Rush Land", "Rush Land.csproj", "{267736B7-0105-7FFC-62F0-06BC7B69E2D4}"
EndProject
Project("{FAE04EC0-301F-11D3-BF4B-00C04F79EFBC}") = "Rush Land.Editor", "Rush Land.Editor.csproj", "{D9BEC9B4-CBDF-6788-A994-AE31D2120F1E}"
EndProject
Global
	GlobalSection(SolutionConfigurationPlatforms) = preSolution
		Debug|Any CPU = Debug|Any CPU
		Release|Any CPU = Release|Any CPU
	EndGlobalSection
	GlobalSection(ProjectConfigurationPlatforms) = postSolution
		{267736B7-0105-7FFC-62F0-06BC7B69E2D4}.Debug|Any CPU.ActiveCfg = Debug|Any CPU
		{267736B7-0105-7FFC-62F0-06BC7B69E2D4}.Debug|Any CPU.Build.0 = Debug|Any CPU
		{267736B7-0105-7FFC-62F0-06BC7B69E2D4}.Release|Any CPU.ActiveCfg = Release|Any CPU
		{267736B7-0105-7FFC-62F0-06BC7B69E2D4}.Release|Any CPU.Build.0 = Release|Any CPU
		{267736B7-0105-7FFC-62F0-06BC7B69E2D4}.Debug|Any CPU.ActiveCfg = Debug|Any CPU
		{267736B7-0105-7FFC-62F0-06BC7B69E2D4}.Debug|Any CPU.Build.0 = Debug|Any CPU
		{267736B7-0105-7FFC-62F0-06BC7B69E2D4}.Release|Any CPU.ActiveCfg = Release|Any CPU
		{267736B7-0105-7FFC-62F0-06BC7B69E2D4}.Release|Any CPU.Build.0 = Release|Any CPU
		{267736B7-0105-7FFC-62F0-06BC7B69E2D4}.Debug|Any CPU.ActiveCfg = Debug|Any CPU
		{267736B7-0105-7FFC-62F0-06BC7B69E2D4}.Debug|Any CPU.Build.0 = Debug|Any CPU
		{267736B7-0105-7FFC-62F0-06BC7B69E2D4}.Release|Any CPU.ActiveCfg = Release|Any CPU
		{267736B7-0105-7FFC-62F0-06BC7B69E2D4}.Release|Any CPU.Build.0 = Release|Any CPU
		{267736B7-0105-7FFC-62F0-06BC7B69E2D4}.Debug|Any CPU.ActiveCfg = Debug|Any CPU
		{267736B7-0105-7FFC-62F0-06BC7B69E2D4}.Debug|Any CPU.Build.0 = Debug|Any CPU
		{267736B7-0105-7FFC-62F0-06BC7B69E2D4}.Release|Any CPU.ActiveCfg = Release|Any CPU
		{267736B7-0105-7FFC-62F0-06BC7B69E2D4}.Release|Any CPU.Build.0 = Release|Any CPU
		{D9BEC9B4-CBDF-6788-A994-AE31D2120F1E}.Debug|Any CPU.ActiveCfg = Debug|Any CPU
		{D9BEC9B4-CBDF-6788-A994-AE31D2120F1E}.Debug|Any CPU.Build.0 = Debug|Any CPU
		{D9BEC9B4-CBDF-6788-A994-AE31D2120F1E}.Release|Any CPU.ActiveCfg = Release|Any CPU
		{D9BEC9B4-CBDF-6788-A994-AE31D2120F1E}.Release|Any CPU.Build.0 = Release|Any CPU
		{D9BEC9B4-CBDF-6788-A994-AE31D2120F1E}.Debug|Any CPU.ActiveCfg = Debug|Any CPU
		{D9BEC9B4-CBDF-6788-A994-AE31D2120F1E}.Debug|Any CPU.Build.0 = Debug|Any CPU
		{D9BEC9B4-CBDF-6788-A994-AE31D2120F1E}.Release|Any CPU.ActiveCfg = Release|Any CPU
		{D9BEC9B4-CBDF-6788-A994-AE31D2120F1E}.Release|Any CPU.Build.0 = Release|Any CPU
		{D9BEC9B4-CBDF-6788-A994-AE31D2120F1E}.Debug|Any CPU.ActiveCfg = Debug|Any CPU
		{D9BEC9B4-CBDF-6788-A994-AE31D2120F1E}.Debug|Any CPU.Build.0 = Debug|Any CPU
		{D9BEC9B4-CBDF-6788-A994-AE31D2120F1E}.Release|Any CPU.ActiveCfg = Release|Any CPU
		{D9BEC9B4-CBDF-6788-A994-AE31D2120F1E}.Release|Any CPU.Build.0 = Release|Any CPU
		{D9BEC9B4-CBDF-6788-A994-AE31D2120F1E}.Debug|Any CPU.ActiveCfg = Debug|Any CPU
		{D9BEC9B4-CBDF-6788-A994-AE31D2120F1E}.Debug|Any CPU.Build.0 = Debug|Any CPU
		{D9BEC9B4-CBDF-6788-A994-AE31D2120F1E}.Release|Any CPU.ActiveCfg = Release|Any CPU
		{D9BEC9B4-CBDF-6788-A994-AE31D2120F1E}.Release|Any CPU.Build.0 = Release|Any CPU
		{D9BEC9B4-CBDF-6788-A994-AE31D2120F1E}.Debug|Any CPU.ActiveCfg = Debug|Any CPU
		{D9BEC9B4-CBDF-6788-A994-AE31D2120F1E}.Debug|Any CPU.Build.0 = Debug|Any CPU
		{D9BEC9B4-CBDF-6788-A994-AE31D2120F1E}.Release|Any CPU.ActiveCfg = Release|Any CPU
		{D9BEC9B4-CBDF-6788-A994-AE31D2120F1E}.Release|Any CPU.Build.0 = Release|Any CPU
		{D9BEC9B4-CBDF-6788-A994-AE31D2120F1E}.Debug|Any CPU.ActiveCfg = Debug|Any CPU
		{D9BEC9B4-CBDF-6788-A994-AE31D2120F1E}.Debug|Any CPU.Build.0 = Debug|Any CPU
		{D9BEC9B4-CBDF-6788-A994-AE31D2120F1E}.Release|Any CPU.ActiveCfg = Release|Any CPU
		{D9BEC9B4-CBDF-6788-A994-AE31D2120F1E}.Release|Any CPU.Build.0 = Release|Any CPU
		{267736B7-0105-7FFC-62F0-06BC7B69E2D4}.Debug|Any CPU.ActiveCfg = Debug|Any CPU
		{267736B7-0105-7FFC-62F0-06BC7B69E2D4}.Debug|Any CPU.Build.0 = Debug|Any CPU
		{267736B7-0105-7FFC-62F0-06BC7B69E2D4}.Release|Any CPU.ActiveCfg = Release|Any CPU
		{267736B7-0105-7FFC-62F0-06BC7B69E2D4}.Release|Any CPU.Build.0 = Release|Any CPU
		{D9BEC9B4-CBDF-6788-A994-AE31D2120F1E}.Debug|Any CPU.ActiveCfg = Debug|Any CPU
		{D9BEC9B4-CBDF-6788-A994-AE31D2120F1E}.Debug|Any CPU.Build.0 = Debug|Any CPU
		{D9BEC9B4-CBDF-6788-A994-AE31D2120F1E}.Release|Any CPU.ActiveCfg = Release|Any CPU
		{D9BEC9B4-CBDF-6788-A994-AE31D2120F1E}.Release|Any CPU.Build.0 = Release|Any CPU
	EndGlobalSection
	GlobalSection(SolutionProperties) = preSolution
		HideSolutionNode = FALSE
	EndGlobalSection
EndGlobal
